
Microsoft Visual Studio Solution File, Format Version 12.00
# Visual Studio 15
VisualStudioVersion = 15.0.28010.2003
MinimumVisualStudioVersion = 10.0.40219.1
Project("{F184B08F-C81C-45F6-A57F-5ABD9991F28F}") = "graphs", "graphs\graphs.vbproj", "{96CE677E-CE9D-4302-9CA5-CC61A485D0A0}"
EndProject
Global
	GlobalSection(SolutionConfigurationPlatforms) = preSolution
		Debug|Any CPU = Debug|Any CPU
		Release|Any CPU = Release|Any CPU
	EndGlobalSection
	GlobalSection(ProjectConfigurationPlatforms) = postSolution
		{96CE677E-CE9D-4302-9CA5-CC61A485D0A0}.Debug|Any CPU.ActiveCfg = Debug|Any CPU
		{96CE677E-CE9D-4302-9CA5-CC61A485D0A0}.Debug|Any CPU.Build.0 = Debug|Any CPU
		{96CE677E-CE9D-4302-9CA5-CC61A485D0A0}.Release|Any CPU.ActiveCfg = Release|Any CPU
		{96CE677E-CE9D-4302-9CA5-CC61A485D0A0}.Release|Any CPU.Build.0 = Release|Any CPU
	EndGlobalSection
	GlobalSection(SolutionProperties) = preSolution
		HideSolutionNode = FALSE
	EndGlobalSection
	GlobalSection(ExtensibilityGlobals) = postSolution
		SolutionGuid = {6AE16FFC-23B3-4752-8025-32D820AA84B0}
	EndGlobalSection
EndGlobal
